
Microsoft Visual Studio Solution File, Format Version 12.00
# Visual Studio Version 17
VisualStudioVersion = 17.6.33723.286
MinimumVisualStudioVersion = 10.0.40219.1
Project("{FAE04EC0-301F-11D3-BF4B-00C04F79EFBC}") = "BookStore", "BookStore.csproj", "{3FB8A9E8-1A4A-49CD-89A6-3CCCE3816109}"
EndProject
Global
	GlobalSection(SolutionConfigurationPlatforms) = preSolution
		Debug|Any CPU = Debug|Any CPU
		Release|Any CPU = Release|Any CPU
	EndGlobalSection
	GlobalSection(ProjectConfigurationPlatforms) = postSolution
		{3FB8A9E8-1A4A-49CD-89A6-3CCCE3816109}.Debug|Any CPU.ActiveCfg = Debug|Any CPU
		{3FB8A9E8-1A4A-49CD-89A6-3CCCE3816109}.Debug|Any CPU.Build.0 = Debug|Any CPU
		{3FB8A9E8-1A4A-49CD-89A6-3CCCE3816109}.Release|Any CPU.ActiveCfg = Release|Any CPU
		{3FB8A9E8-1A4A-49CD-89A6-3CCCE3816109}.Release|Any CPU.Build.0 = Release|Any CPU
	EndGlobalSection
	GlobalSection(SolutionProperties) = preSolution
		HideSolutionNode = FALSE
	EndGlobalSection
	GlobalSection(ExtensibilityGlobals) = postSolution
		SolutionGuid = {BC477869-F147-4B90-82CE-A55628D5D984}
	EndGlobalSection
EndGlobal
